
Microsoft Visual Studio Solution File, Format Version 12.00
# Visual Studio Version 17
VisualStudioVersion = 17.6.33815.320
MinimumVisualStudioVersion = 10.0.40219.1
Project("{9A19103F-16F7-4668-BE54-9A1E7A4F7556}") = "Crud", "Crud\Crud.csproj", "{4A345D44-BE07-4102-A3C5-2A759D2B88E5}"
EndProject
Project("{FAE04EC0-301F-11D3-BF4B-00C04F79EFBC}") = "Test.Crud", "Test.Crud\Test.Crud.csproj", "{9A3B5A4D-F515-47D9-8F08-107AB8455E7F}"
EndProject
Global
	GlobalSection(SolutionConfigurationPlatforms) = preSolution
		Debug|Any CPU = Debug|Any CPU
		Release|Any CPU = Release|Any CPU
	EndGlobalSection
	GlobalSection(ProjectConfigurationPlatforms) = postSolution
		{4A345D44-BE07-4102-A3C5-2A759D2B88E5}.Debug|Any CPU.ActiveCfg = Debug|Any CPU
		{4A345D44-BE07-4102-A3C5-2A759D2B88E5}.Debug|Any CPU.Build.0 = Debug|Any CPU
		{4A345D44-BE07-4102-A3C5-2A759D2B88E5}.Release|Any CPU.ActiveCfg = Release|Any CPU
		{4A345D44-BE07-4102-A3C5-2A759D2B88E5}.Release|Any CPU.Build.0 = Release|Any CPU
		{9A3B5A4D-F515-47D9-8F08-107AB8455E7F}.Debug|Any CPU.ActiveCfg = Debug|Any CPU
		{9A3B5A4D-F515-47D9-8F08-107AB8455E7F}.Debug|Any CPU.Build.0 = Debug|Any CPU
		{9A3B5A4D-F515-47D9-8F08-107AB8455E7F}.Release|Any CPU.ActiveCfg = Release|Any CPU
		{9A3B5A4D-F515-47D9-8F08-107AB8455E7F}.Release|Any CPU.Build.0 = Release|Any CPU
	EndGlobalSection
	GlobalSection(SolutionProperties) = preSolution
		HideSolutionNode = FALSE
	EndGlobalSection
	GlobalSection(ExtensibilityGlobals) = postSolution
		SolutionGuid = {1F65994D-D4EE-4E2B-8F1B-35C33B574DA0}
	EndGlobalSection
EndGlobal
